# This file is generated by running "yarn install" inside your project.
# Manual changes might be lost - proceed with caution!

__metadata:
  version: 8
  cacheKey: 10

"chroma-js@npm:^3.2.0":
  version: 3.2.0
  resolution: "chroma-js@npm:3.2.0"
  checksum: 10/8781f9e2469e1adbab40f74d9339023e5a327bc33024497fe1a02cfda8bc13dbc2ea212bbf8bae57e3bb3c81aa83ba51d52931016412092b3beb8c2f37048a60
  languageName: node
  linkType: hard

"convert-colors-to-power-bi@workspace:.":
  version: 0.0.0-use.local
  resolution: "convert-colors-to-power-bi@workspace:."
  dependencies:
    chroma-js: "npm:^3.2.0"
    monaco-yaml-prebuilt: "npm:^1.0.2"
    yoctocolors: "npm:^2.1.2"
  languageName: unknown
  linkType: soft

"monaco-yaml-prebuilt@npm:^1.0.2":
  version: 1.0.2
  resolution: "monaco-yaml-prebuilt@npm:1.0.2"
  checksum: 10/cd730d0d9463cee1a16abbbc0c0d88164f46535d8cb051141ee8ba12c026aafdd1b0444518a99a3023e84a256291e53c802441a34e4f44a38cf994f8449eb140
  languageName: node
  linkType: hard

"yoctocolors@npm:^2.1.2":
  version: 2.1.2
  resolution: "yoctocolors@npm:2.1.2"
  checksum: 10/6ee42d665a4cc161c7de3f015b2a65d6c65d2808bfe3b99e228bd2b1b784ef1e54d1907415c025fc12b400f26f372bfc1b71966c6c738d998325ca422eb39363
  languageName: node
  linkType: hard
